// !$*UTF8*$!
{
	archiveVersion = 1;
	classes = {
	};
	objectVersion = 51;
	objects = {

/* Begin PBXBuildFile section */
		22EF26E4EBD8C8917B0146E2 /* Pods_UDP_Cocoa.framework in Frameworks */ = {isa = PBXBuildFile; fileRef = 77C1E1F8B1045655AB8B21EA /* Pods_UDP_Cocoa.framework */; };
		96604EB02407A8A800D61F58 /* OutSocket.swift in Sources */ = {isa = PBXBuildFile; fileRef = 96604EAE2407A8A700D61F58 /* OutSocket.swift */; };
		96604EB12407A8A800D61F58 /* InSocket.swift in Sources */ = {isa = PBXBuildFile; fileRef = 96604EAF2407A8A800D61F58 /* InSocket.swift */; };
		96B07BB52407A5710072F5D8 /* AppDelegate.swift in Sources */ = {isa = PBXBuildFile; fileRef = 96B07BB42407A5710072F5D8 /* AppDelegate.swift */; };
		96B07BB72407A5710072F5D8 /* SceneDelegate.swift in Sources */ = {isa = PBXBuildFile; fileRef = 96B07BB62407A5710072F5D8 /* SceneDelegate.swift */; };
		96B07BB92407A5710072F5D8 /* ContentView.swift in Sources */ = {isa = PBXBuildFile; fileRef = 96B07BB82407A5710072F5D8 /* ContentView.swift */; };
		96B07BBB2407A5720072F5D8 /* Assets.xcassets in Resources */ = {isa = PBXBuildFile; fileRef = 96B07BBA2407A5720072F5D8 /* Assets.xcassets */; };
		96B07BBE2407A5720072F5D8 /* Preview Assets.xcassets in Resources */ = {isa = PBXBuildFile; fileRef = 96B07BBD2407A5720072F5D8 /* Preview Assets.xcassets */; };
		96B07BC12407A5720072F5D8 /* LaunchScreen.storyboard in Resources */ = {isa = PBXBuildFile; fileRef = 96B07BBF2407A5720072F5D8 /* LaunchScreen.storyboard */; };
/* End PBXBuildFile section */

/* Begin PBXFileReference section */
		1A033ED8A04ECEBAAD7C7DB3 /* Pods-UDP-Cocoa.release.xcconfig */ = {isa = PBXFileReference; includeInIndex = 1; lastKnownFileType = text.xcconfig; name = "Pods-UDP-Cocoa.release.xcconfig"; path = "Target Support Files/Pods-UDP-Cocoa/Pods-UDP-Cocoa.release.xcconfig"; sourceTree = "<group>"; };
		6711366CED16B3C33A6C72EE /* Pods-UDP-Cocoa.debug.xcconfig */ = {isa = PBXFileReference; includeInIndex = 1; lastKnownFileType = text.xcconfig; name = "Pods-UDP-Cocoa.debug.xcconfig"; path = "Target Support Files/Pods-UDP-Cocoa/Pods-UDP-Cocoa.debug.xcconfig"; sourceTree = "<group>"; };
		77C1E1F8B1045655AB8B21EA /* Pods_UDP_Cocoa.framework */ = {isa = PBXFileReference; explicitFileType = wrapper.framework; includeInIndex = 0; path = Pods_UDP_Cocoa.framework; sourceTree = BUILT_PRODUCTS_DIR; };
		96604EAE2407A8A700D61F58 /* OutSocket.swift */ = {isa = PBXFileReference; fileEncoding = 4; lastKnownFileType = sourcecode.swift; path = OutSocket.swift; sourceTree = "<group>"; };
		96604EAF2407A8A800D61F58 /* InSocket.swift */ = {isa = PBXFileReference; fileEncoding = 4; lastKnownFileType = sourcecode.swift; path = InSocket.swift; sourceTree = "<group>"; };
		96B07BB12407A5710072F5D8 /* UDP-Cocoa.app */ = {isa = PBXFileReference; explicitFileType = wrapper.application; includeInIndex = 0; path = "UDP-Cocoa.app"; sourceTree = BUILT_PRODUCTS_DIR; };
		96B07BB42407A5710072F5D8 /* AppDelegate.swift */ = {isa = PBXFileReference; lastKnownFileType = sourcecode.swift; path = AppDelegate.swift; sourceTree = "<group>"; };
		96B07BB62407A5710072F5D8 /* SceneDelegate.swift */ = {isa = PBXFileReference; lastKnownFileType = sourcecode.swift; path = SceneDelegate.swift; sourceTree = "<group>"; };
		96B07BB82407A5710072F5D8 /* ContentView.swift */ = {isa = PBXFileReference; lastKnownFileType = sourcecode.swift; path = ContentView.swift; sourceTree = "<group>"; };
		96B07BBA2407A5720072F5D8 /* Assets.xcassets */ = {isa = PBXFileReference; lastKnownFileType = folder.assetcatalog; path = Assets.xcassets; sourceTree = "<group>"; };
		96B07BBD2407A5720072F5D8 /* Preview Assets.xcassets */ = {isa = PBXFileReference; lastKnownFileType = folder.assetcatalog; path = "Preview Assets.xcassets"; sourceTree = "<group>"; };
		96B07BC02407A5720072F5D8 /* Base */ = {isa = PBXFileReference; lastKnownFileType = file.storyboard; name = Base; path = Base.lproj/LaunchScreen.storyboard; sourceTree = "<group>"; };
		96B07BC22407A5720072F5D8 /* Info.plist */ = {isa = PBXFileReference; lastKnownFileType = text.plist.xml; path = Info.plist; sourceTree = "<group>"; };
/* End PBXFileReference section */

/* Begin PBXFrameworksBuildPhase section */
		96B07BAE2407A5710072F5D8 /* Frameworks */ = {
			isa = PBXFrameworksBuildPhase;
			buildActionMask = 2147483647;
			files = (
				22EF26E4EBD8C8917B0146E2 /* Pods_UDP_Cocoa.framework in Frameworks */,
			);
			runOnlyForDeploymentPostprocessing = 0;
		};
/* End PBXFrameworksBuildPhase section */

/* Begin PBXGroup section */
		71AABB133EF9B7E8EC231712 /* Frameworks */ = {
			isa = PBXGroup;
			children = (
				77C1E1F8B1045655AB8B21EA /* Pods_UDP_Cocoa.framework */,
			);
			name = Frameworks;
			sourceTree = "<group>";
		};
		96B07BA82407A5710072F5D8 = {
			isa = PBXGroup;
			children = (
				96B07BB32407A5710072F5D8 /* UDP-Cocoa */,
				96B07BB22407A5710072F5D8 /* Products */,
				98CA3A5935827F77C87B4675 /* Pods */,
				71AABB133EF9B7E8EC231712 /* Frameworks */,
			);
			sourceTree = "<group>";
		};
		96B07BB22407A5710072F5D8 /* Products */ = {
			isa = PBXGroup;
			children = (
				96B07BB12407A5710072F5D8 /* UDP-Cocoa.app */,
			);
			name = Products;
			sourceTree = "<group>";
		};
		96B07BB32407A5710072F5D8 /* UDP-Cocoa */ = {
			isa = PBXGroup;
			children = (
				96B07BB42407A5710072F5D8 /* AppDelegate.swift */,
				96B07BB62407A5710072F5D8 /* SceneDelegate.swift */,
				96B07BB82407A5710072F5D8 /* ContentView.swift */,
				96604EAF2407A8A800D61F58 /* InSocket.swift */,
				96604EAE2407A8A700D61F58 /* OutSocket.swift */,
				96B07BBA2407A5720072F5D8 /* Assets.xcassets */,
				96B07BBF2407A5720072F5D8 /* LaunchScreen.storyboard */,
				96B07BC22407A5720072F5D8 /* Info.plist */,
				96B07BBC2407A5720072F5D8 /* Preview Content */,
			);
			path = "UDP-Cocoa";
			sourceTree = "<group>";
		};
		96B07BBC2407A5720072F5D8 /* Preview Content */ = {
			isa = PBXGroup;
			children = (
				96B07BBD2407A5720072F5D8 /* Preview Assets.xcassets */,
			);
			path = "Preview Content";
			sourceTree = "<group>";
		};
		98CA3A5935827F77C87B4675 /* Pods */ = {
			isa = PBXGroup;
			children = (
				6711366CED16B3C33A6C72EE /* Pods-UDP-Cocoa.debug.xcconfig */,
				1A033ED8A04ECEBAAD7C7DB3 /* Pods-UDP-Cocoa.release.xcconfig */,
			);
			path = Pods;
			sourceTree = "<group>";
		};
/* End PBXGroup section */

/* Begin PBXNativeTarget section */
		96B07BB02407A5710072F5D8 /* UDP-Cocoa */ = {
			isa = PBXNativeTarget;
			buildConfigurationList = 96B07BC52407A5720072F5D8 /* Build configuration list for PBXNativeTarget "UDP-Cocoa" */;
			buildPhases = (
				67D0B65F09A46B358C6EEC93 /* [CP] Check Pods Manifest.lock */,
				96B07BAD2407A5710072F5D8 /* Sources */,
				96B07BAE2407A5710072F5D8 /* Frameworks */,
				96B07BAF2407A5710072F5D8 /* Resources */,
				E64E107C2F3A9E4AC0821476 /* [CP] Embed Pods Frameworks */,
			);
			buildRules = (
			);
			dependencies = (
			);
			name = "UDP-Cocoa";
			productName = "UDP-Cocoa";
			productReference = 96B07BB12407A5710072F5D8 /* UDP-Cocoa.app */;
			productType = "com.apple.product-type.application";
		};
/* End PBXNativeTarget section */

/* Begin PBXProject section */
		96B07BA92407A5710072F5D8 /* Project object */ = {
			isa = PBXProject;
			attributes = {
				LastSwiftUpdateCheck = 1130;
				LastUpgradeCheck = 1130;
				ORGANIZATIONNAME = KAIT;
				TargetAttributes = {
					96B07BB02407A5710072F5D8 = {
						CreatedOnToolsVersion = 11.3.1;
					};
				};
			};
			buildConfigurationList = 96B07BAC2407A5710072F5D8 /* Build configuration list for PBXProject "UDP-Cocoa" */;
			compatibilityVersion = "Xcode 9.3";
			developmentRegion = en;
			hasScannedForEncodings = 0;
			knownRegions = (
				en,
				Base,
			);
			mainGroup = 96B07BA82407A5710072F5D8;
			productRefGroup = 96B07BB22407A5710072F5D8 /* Products */;
			projectDirPath = "";
			projectRoot = "";
			targets = (
				96B07BB02407A5710072F5D8 /* UDP-Cocoa */,
			);
		};
/* End PBXProject section */

/* Begin PBXResourcesBuildPhase section */
		96B07BAF2407A5710072F5D8 /* Resources */ = {
			isa = PBXResourcesBuildPhase;
			buildActionMask = 2147483647;
			files = (
				96B07BC12407A5720072F5D8 /* LaunchScreen.storyboard in Resources */,
				96B07BBE2407A5720072F5D8 /* Preview Assets.xcassets in Resources */,
				96B07BBB2407A5720072F5D8 /* Assets.xcassets in Resources */,
			);
			runOnlyForDeploymentPostprocessing = 0;
		};
/* End PBXResourcesBuildPhase section */

/* Begin PBXShellScriptBuildPhase section */
		67D0B65F09A46B358C6EEC93 /* [CP] Check Pods Manifest.lock */ = {
			isa = PBXShellScriptBuildPhase;
			buildActionMask = 2147483647;
			files = (
			);
			inputFileListPaths = (
			);
			inputPaths = (
				"${PODS_PODFILE_DIR_PATH}/Podfile.lock",
				"${PODS_ROOT}/Manifest.lock",
			);
			name = "[CP] Check Pods Manifest.lock";
			outputFileListPaths = (
			);
			outputPaths = (
				"$(DERIVED_FILE_DIR)/Pods-UDP-Cocoa-checkManifestLockResult.txt",
			);
			runOnlyForDeploymentPostprocessing = 0;
			shellPath = /bin/sh;
			shellScript = "diff \"${PODS_PODFILE_DIR_PATH}/Podfile.lock\" \"${PODS_ROOT}/Manifest.lock\" > /dev/null\nif [ $? != 0 ] ; then\n    # print error to STDERR\n    echo \"error: The sandbox is not in sync with the Podfile.lock. Run 'pod install' or update your CocoaPods installation.\" >&2\n    exit 1\nfi\n# This output is used by Xcode 'outputs' to avoid re-running this script phase.\necho \"SUCCESS\" > \"${SCRIPT_OUTPUT_FILE_0}\"\n";
			showEnvVarsInLog = 0;
		};
		E64E107C2F3A9E4AC0821476 /* [CP] Embed Pods Frameworks */ = {
			isa = PBXShellScriptBuildPhase;
			buildActionMask = 2147483647;
			files = (
			);
			inputFileListPaths = (
				"${PODS_ROOT}/Target Support Files/Pods-UDP-Cocoa/Pods-UDP-Cocoa-frameworks-${CONFIGURATION}-input-files.xcfilelist",
			);
			name = "[CP] Embed Pods Frameworks";
			outputFileListPaths = (
				"${PODS_ROOT}/Target Support Files/Pods-UDP-Cocoa/Pods-UDP-Cocoa-frameworks-${CONFIGURATION}-output-files.xcfilelist",
			);
			runOnlyForDeploymentPostprocessing = 0;
			shellPath = /bin/sh;
			shellScript = "\"${PODS_ROOT}/Target Support Files/Pods-UDP-Cocoa/Pods-UDP-Cocoa-frameworks.sh\"\n";
			showEnvVarsInLog = 0;
		};
/* End PBXShellScriptBuildPhase section */

/* Begin PBXSourcesBuildPhase section */
		96B07BAD2407A5710072F5D8 /* Sources */ = {
			isa = PBXSourcesBuildPhase;
			buildActionMask = 2147483647;
			files = (
				96B07BB52407A5710072F5D8 /* AppDelegate.swift in Sources */,
				96B07BB72407A5710072F5D8 /* SceneDelegate.swift in Sources */,
				96604EB12407A8A800D61F58 /* InSocket.swift in Sources */,
				96B07BB92407A5710072F5D8 /* ContentView.swift in Sources */,
				96604EB02407A8A800D61F58 /* OutSocket.swift in Sources */,
			);
			runOnlyForDeploymentPostprocessing = 0;
		};
/* End PBXSourcesBuildPhase section */

/* Begin PBXVariantGroup section */
		96B07BBF2407A5720072F5D8 /* LaunchScreen.storyboard */ = {
			isa = PBXVariantGroup;
			children = (
				96B07BC02407A5720072F5D8 /* Base */,
			);
			name = LaunchScreen.storyboard;
			sourceTree = "<group>";
		};
/* End PBXVariantGroup section */

/* Begin XCBuildConfiguration section */
		96B07BC32407A5720072F5D8 /* Debug */ = {
			isa = XCBuildConfiguration;
			buildSettings = {
				ALWAYS_SEARCH_USER_PATHS = NO;
				CLANG_ANALYZER_NONNULL = YES;
				CLANG_ANALYZER_NUMBER_OBJECT_CONVERSION = YES_AGGRESSIVE;
				CLANG_CXX_LANGUAGE_STANDARD = "gnu++14";
				CLANG_CXX_LIBRARY = "libc++";
				CLANG_ENABLE_MODULES = YES;
				CLANG_ENABLE_OBJC_ARC = YES;
				CLANG_ENABLE_OBJC_WEAK = YES;
				CLANG_WARN_BLOCK_CAPTURE_AUTORELEASING = YES;
				CLANG_WARN_BOOL_CONVERSION = YES;
				CLANG_WARN_COMMA = YES;
				CLANG_WARN_CONSTANT_CONVERSION = YES;
				CLANG_WARN_DEPRECATED_OBJC_IMPLEMENTATIONS = YES;
				CLANG_WARN_DIRECT_OBJC_ISA_USAGE = YES_ERROR;
				CLANG_WARN_DOCUMENTATION_COMMENTS = YES;
				CLANG_WARN_EMPTY_BODY = YES;
				CLANG_WARN_ENUM_CONVERSION = YES;
				CLANG_WARN_INFINITE_RECURSION = YES;
				CLANG_WARN_INT_CONVERSION = YES;
				CLANG_WARN_NON_LITERAL_NULL_CONVERSION = YES;
				CLANG_WARN_OBJC_IMPLICIT_RETAIN_SELF = YES;
				CLANG_WARN_OBJC_LITERAL_CONVERSION = YES;
				CLANG_WARN_OBJC_ROOT_CLASS = YES_ERROR;
				CLANG_WARN_RANGE_LOOP_ANALYSIS = YES;
				CLANG_WARN_STRICT_PROTOTYPES = YES;
				CLANG_WARN_SUSPICIOUS_MOVE = YES;
				CLANG_WARN_UNGUARDED_AVAILABILITY = YES_AGGRESSIVE;
				CLANG_WARN_UNREACHABLE_CODE = YES;
				CLANG_WARN__DUPLICATE_METHOD_MATCH = YES;
				COPY_PHASE_STRIP = NO;
				DEBUG_INFORMATION_FORMAT = dwarf;
				ENABLE_STRICT_OBJC_MSGSEND = YES;
				ENABLE_TESTABILITY = YES;
				GCC_C_LANGUAGE_STANDARD = gnu11;
				GCC_DYNAMIC_NO_PIC = NO;
				GCC_NO_COMMON_BLOCKS = YES;
				GCC_OPTIMIZATION_LEVEL = 0;
				GCC_PREPROCESSOR_DEFINITIONS = (
					"DEBUG=1",
					"$(inherited)",
				);
				GCC_WARN_64_TO_32_BIT_CONVERSION = YES;
				GCC_WARN_ABOUT_RETURN_TYPE = YES_ERROR;
				GCC_WARN_UNDECLARED_SELECTOR = YES;
				GCC_WARN_UNINITIALIZED_AUTOS = YES_AGGRESSIVE;
				GCC_WARN_UNUSED_FUNCTION = YES;
				GCC_WARN_UNUSED_VARIABLE = YES;
				IPHONEOS_DEPLOYMENT_TARGET = 13.2;
				MTL_ENABLE_DEBUG_INFO = INCLUDE_SOURCE;
				MTL_FAST_MATH = YES;
				ONLY_ACTIVE_ARCH = YES;
				SDKROOT = iphoneos;
				SWIFT_ACTIVE_COMPILATION_CONDITIONS = DEBUG;
				SWIFT_OPTIMIZATION_LEVEL = "-Onone";
			};
			name = Debug;
		};
		96B07BC42407A5720072F5D8 /* Release */ = {
			isa = XCBuildConfiguration;
			buildSettings = {
				ALWAYS_SEARCH_USER_PATHS = NO;
				CLANG_ANALYZER_NONNULL = YES;
				CLANG_ANALYZER_NUMBER_OBJECT_CONVERSION = YES_AGGRESSIVE;
				CLANG_CXX_LANGUAGE_STANDARD = "gnu++14";
				CLANG_CXX_LIBRARY = "libc++";
				CLANG_ENABLE_MODULES = YES;
				CLANG_ENABLE_OBJC_ARC = YES;
				CLANG_ENABLE_OBJC_WEAK = YES;
				CLANG_WARN_BLOCK_CAPTURE_AUTORELEASING = YES;
				CLANG_WARN_BOOL_CONVERSION = YES;
				CLANG_WARN_COMMA = YES;
				CLANG_WARN_CONSTANT_CONVERSION = YES;
				CLANG_WARN_DEPRECATED_OBJC_IMPLEMENTATIONS = YES;
				CLANG_WARN_DIRECT_OBJC_ISA_USAGE = YES_ERROR;
				CLANG_WARN_DOCUMENTATION_COMMENTS = YES;
				CLANG_WARN_EMPTY_BODY = YES;
				CLANG_WARN_ENUM_CONVERSION = YES;
				CLANG_WARN_INFINITE_RECURSION = YES;
				CLANG_WARN_INT_CONVERSION = YES;
				CLANG_WARN_NON_LITERAL_NULL_CONVERSION = YES;
				CLANG_WARN_OBJC_IMPLICIT_RETAIN_SELF = YES;
				CLANG_WARN_OBJC_LITERAL_CONVERSION = YES;
				CLANG_WARN_OBJC_ROOT_CLASS = YES_ERROR;
				CLANG_WARN_RANGE_LOOP_ANALYSIS = YES;
				CLANG_WARN_STRICT_PROTOTYPES = YES;
				CLANG_WARN_SUSPICIOUS_MOVE = YES;
				CLANG_WARN_UNGUARDED_AVAILABILITY = YES_AGGRESSIVE;
				CLANG_WARN_UNREACHABLE_CODE = YES;
				CLANG_WARN__DUPLICATE_METHOD_MATCH = YES;
				COPY_PHASE_STRIP = NO;
				DEBUG_INFORMATION_FORMAT = "dwarf-with-dsym";
				ENABLE_NS_ASSERTIONS = NO;
				ENABLE_STRICT_OBJC_MSGSEND = YES;
				GCC_C_LANGUAGE_STANDARD = gnu11;
				GCC_NO_COMMON_BLOCKS = YES;
				GCC_WARN_64_TO_32_BIT_CONVERSION = YES;
				GCC_WARN_ABOUT_RETURN_TYPE = YES_ERROR;
				GCC_WARN_UNDECLARED_SELECTOR = YES;
				GCC_WARN_UNINITIALIZED_AUTOS = YES_AGGRESSIVE;
				GCC_WARN_UNUSED_FUNCTION = YES;
				GCC_WARN_UNUSED_VARIABLE = YES;
				IPHONEOS_DEPLOYMENT_TARGET = 13.2;
				MTL_ENABLE_DEBUG_INFO = NO;
				MTL_FAST_MATH = YES;
				SDKROOT = iphoneos;
				SWIFT_COMPILATION_MODE = wholemodule;
				SWIFT_OPTIMIZATION_LEVEL = "-O";
				VALIDATE_PRODUCT = YES;
			};
			name = Release;
		};
		96B07BC62407A5720072F5D8 /* Debug */ = {
			isa = XCBuildConfiguration;
			baseConfigurationReference = 6711366CED16B3C33A6C72EE /* Pods-UDP-Cocoa.debug.xcconfig */;
			buildSettings = {
				ASSETCATALOG_COMPILER_APPICON_NAME = AppIcon;
				CODE_SIGN_STYLE = Automatic;
				DEVELOPMENT_ASSET_PATHS = "\"UDP-Cocoa/Preview Content\"";
				DEVELOPMENT_TEAM = YTNQVP8885;
				ENABLE_PREVIEWS = YES;
				INFOPLIST_FILE = "UDP-Cocoa/Info.plist";
				LD_RUNPATH_SEARCH_PATHS = (
					"$(inherited)",
					"@executable_path/Frameworks",
				);
				PRODUCT_BUNDLE_IDENTIFIER = "com.hirofujita.UDP-Cocoa";
				PRODUCT_NAME = "$(TARGET_NAME)";
				SWIFT_VERSION = 5.0;
				TARGETED_DEVICE_FAMILY = "1,2";
			};
			name = Debug;
		};
		96B07BC72407A5720072F5D8 /* Release */ = {
			isa = XCBuildConfiguration;
			baseConfigurationReference = 1A033ED8A04ECEBAAD7C7DB3 /* Pods-UDP-Cocoa.release.xcconfig */;
			buildSettings = {
				ASSETCATALOG_COMPILER_APPICON_NAME = AppIcon;
				CODE_SIGN_STYLE = Automatic;
				DEVELOPMENT_ASSET_PATHS = "\"UDP-Cocoa/Preview Content\"";
				DEVELOPMENT_TEAM = YTNQVP8885;
				ENABLE_PREVIEWS = YES;
				INFOPLIST_FILE = "UDP-Cocoa/Info.plist";
				LD_RUNPATH_SEARCH_PATHS = (
					"$(inherited)",
					"@executable_path/Frameworks",
				);
				PRODUCT_BUNDLE_IDENTIFIER = "com.hirofujita.UDP-Cocoa";
				PRODUCT_NAME = "$(TARGET_NAME)";
				SWIFT_VERSION = 5.0;
				TARGETED_DEVICE_FAMILY = "1,2";
			};
			name = Release;
		};
/* End XCBuildConfiguration section */

/* Begin XCConfigurationList section */
		96B07BAC2407A5710072F5D8 /* Build configuration list for PBXProject "UDP-Cocoa" */ = {
			isa = XCConfigurationList;
			buildConfigurations = (
				96B07BC32407A5720072F5D8 /* Debug */,
				96B07BC42407A5720072F5D8 /* Release */,
			);
			defaultConfigurationIsVisible = 0;
			defaultConfigurationName = Release;
		};
		96B07BC52407A5720072F5D8 /* Build configuration list for PBXNativeTarget "UDP-Cocoa" */ = {
			isa = XCConfigurationList;
			buildConfigurations = (
				96B07BC62407A5720072F5D8 /* Debug */,
				96B07BC72407A5720072F5D8 /* Release */,
			);
			defaultConfigurationIsVisible = 0;
			defaultConfigurationName = Release;
		};
/* End XCConfigurationList section */
	};
	rootObject = 96B07BA92407A5710072F5D8 /* Project object */;
}
